// !$*UTF8*$!
{
	archiveVersion = 1;
	classes = {
	};
	objectVersion = 46;
	objects = {

/* Begin PBXBuildFile section */
		75CFF2851F3028D600B558F1 /* AppDelegate.swift in Sources */ = {isa = PBXBuildFile; fileRef = 75CFF2841F3028D600B558F1 /* AppDelegate.swift */; };
		75CFF2871F3028D600B558F1 /* ViewController.swift in Sources */ = {isa = PBXBuildFile; fileRef = 75CFF2861F3028D600B558F1 /* ViewController.swift */; };
		75CFF28A1F3028D600B558F1 /* Main.storyboard in Resources */ = {isa = PBXBuildFile; fileRef = 75CFF2881F3028D600B558F1 /* Main.storyboard */; };
		75CFF28C1F3028D600B558F1 /* Assets.xcassets in Resources */ = {isa = PBXBuildFile; fileRef = 75CFF28B1F3028D600B558F1 /* Assets.xcassets */; };
		75CFF28F1F3028D600B558F1 /* LaunchScreen.storyboard in Resources */ = {isa = PBXBuildFile; fileRef = 75CFF28D1F3028D600B558F1 /* LaunchScreen.storyboard */; };
		75CFF29A1F3028D600B558F1 /* YouTubeSearchTests.swift in Sources */ = {isa = PBXBuildFile; fileRef = 75CFF2991F3028D600B558F1 /* YouTubeSearchTests.swift */; };
		75CFF2A51F3028D600B558F1 /* YouTubeSearchUITests.swift in Sources */ = {isa = PBXBuildFile; fileRef = 75CFF2A41F3028D600B558F1 /* YouTubeSearchUITests.swift */; };
/* End PBXBuildFile section */

/* Begin PBXContainerItemProxy section */
		75CFF2961F3028D600B558F1 /* PBXContainerItemProxy */ = {
			isa = PBXContainerItemProxy;
			containerPortal = 75CFF2791F3028D600B558F1 /* Project object */;
			proxyType = 1;
			remoteGlobalIDString = 75CFF2801F3028D600B558F1;
			remoteInfo = YouTubeSearch;
		};
		75CFF2A11F3028D600B558F1 /* PBXContainerItemProxy */ = {
			isa = PBXContainerItemProxy;
			containerPortal = 75CFF2791F3028D600B558F1 /* Project object */;
			proxyType = 1;
			remoteGlobalIDString = 75CFF2801F3028D600B558F1;
			remoteInfo = YouTubeSearch;
		};
/* End PBXContainerItemProxy section */

/* Begin PBXFileReference section */
		75CFF2811F3028D600B558F1 /* YouTubeSearch.app */ = {isa = PBXFileReference; explicitFileType = wrapper.application; includeInIndex = 0; path = YouTubeSearch.app; sourceTree = BUILT_PRODUCTS_DIR; };
		75CFF2841F3028D600B558F1 /* AppDelegate.swift */ = {isa = PBXFileReference; lastKnownFileType = sourcecode.swift; path = AppDelegate.swift; sourceTree = "<group>"; };
		75CFF2861F3028D600B558F1 /* ViewController.swift */ = {isa = PBXFileReference; lastKnownFileType = sourcecode.swift; path = ViewController.swift; sourceTree = "<group>"; };
		75CFF2891F3028D600B558F1 /* Base */ = {isa = PBXFileReference; lastKnownFileType = file.storyboard; name = Base; path = Base.lproj/Main.storyboard; sourceTree = "<group>"; };
		75CFF28B1F3028D600B558F1 /* Assets.xcassets */ = {isa = PBXFileReference; lastKnownFileType = folder.assetcatalog; path = Assets.xcassets; sourceTree = "<group>"; };
		75CFF28E1F3028D600B558F1 /* Base */ = {isa = PBXFileReference; lastKnownFileType = file.storyboard; name = Base; path = Base.lproj/LaunchScreen.storyboard; sourceTree = "<group>"; };
		75CFF2901F3028D600B558F1 /* Info.plist */ = {isa = PBXFileReference; lastKnownFileType = text.plist.xml; path = Info.plist; sourceTree = "<group>"; };
		75CFF2951F3028D600B558F1 /* YouTubeSearchTests.xctest */ = {isa = PBXFileReference; explicitFileType = wrapper.cfbundle; includeInIndex = 0; path = YouTubeSearchTests.xctest; sourceTree = BUILT_PRODUCTS_DIR; };
		75CFF2991F3028D600B558F1 /* YouTubeSearchTests.swift */ = {isa = PBXFileReference; lastKnownFileType = sourcecode.swift; path = YouTubeSearchTests.swift; sourceTree = "<group>"; };
		75CFF29B1F3028D600B558F1 /* Info.plist */ = {isa = PBXFileReference; lastKnownFileType = text.plist.xml; path = Info.plist; sourceTree = "<group>"; };
		75CFF2A01F3028D600B558F1 /* YouTubeSearchUITests.xctest */ = {isa = PBXFileReference; explicitFileType = wrapper.cfbundle; includeInIndex = 0; path = YouTubeSearchUITests.xctest; sourceTree = BUILT_PRODUCTS_DIR; };
		75CFF2A41F3028D600B558F1 /* YouTubeSearchUITests.swift */ = {isa = PBXFileReference; lastKnownFileType = sourcecode.swift; path = YouTubeSearchUITests.swift; sourceTree = "<group>"; };
		75CFF2A61F3028D600B558F1 /* Info.plist */ = {isa = PBXFileReference; lastKnownFileType = text.plist.xml; path = Info.plist; sourceTree = "<group>"; };
/* End PBXFileReference section */

/* Begin PBXFrameworksBuildPhase section */
		75CFF27E1F3028D600B558F1 /* Frameworks */ = {
			isa = PBXFrameworksBuildPhase;
			buildActionMask = 2147483647;
			files = (
			);
			runOnlyForDeploymentPostprocessing = 0;
		};
		75CFF2921F3028D600B558F1 /* Frameworks */ = {
			isa = PBXFrameworksBuildPhase;
			buildActionMask = 2147483647;
			files = (
			);
			runOnlyForDeploymentPostprocessing = 0;
		};
		75CFF29D1F3028D600B558F1 /* Frameworks */ = {
			isa = PBXFrameworksBuildPhase;
			buildActionMask = 2147483647;
			files = (
			);
			runOnlyForDeploymentPostprocessing = 0;
		};
/* End PBXFrameworksBuildPhase section */

/* Begin PBXGroup section */
		75CFF2781F3028D600B558F1 = {
			isa = PBXGroup;
			children = (
				75CFF2831F3028D600B558F1 /* YouTubeSearch */,
				75CFF2981F3028D600B558F1 /* YouTubeSearchTests */,
				75CFF2A31F3028D600B558F1 /* YouTubeSearchUITests */,
				75CFF2821F3028D600B558F1 /* Products */,
			);
			sourceTree = "<group>";
		};
		75CFF2821F3028D600B558F1 /* Products */ = {
			isa = PBXGroup;
			children = (
				75CFF2811F3028D600B558F1 /* YouTubeSearch.app */,
				75CFF2951F3028D600B558F1 /* YouTubeSearchTests.xctest */,
				75CFF2A01F3028D600B558F1 /* YouTubeSearchUITests.xctest */,
			);
			name = Products;
			sourceTree = "<group>";
		};
		75CFF2831F3028D600B558F1 /* YouTubeSearch */ = {
			isa = PBXGroup;
			children = (
				75CFF2841F3028D600B558F1 /* AppDelegate.swift */,
				75CFF2861F3028D600B558F1 /* ViewController.swift */,
				75CFF2881F3028D600B558F1 /* Main.storyboard */,
				75CFF28B1F3028D600B558F1 /* Assets.xcassets */,
				75CFF28D1F3028D600B558F1 /* LaunchScreen.storyboard */,
				75CFF2901F3028D600B558F1 /* Info.plist */,
			);
			path = YouTubeSearch;
			sourceTree = "<group>";
		};
		75CFF2981F3028D600B558F1 /* YouTubeSearchTests */ = {
			isa = PBXGroup;
			children = (
				75CFF2991F3028D600B558F1 /* YouTubeSearchTests.swift */,
				75CFF29B1F3028D600B558F1 /* Info.plist */,
			);
			path = YouTubeSearchTests;
			sourceTree = "<group>";
		};
		75CFF2A31F3028D600B558F1 /* YouTubeSearchUITests */ = {
			isa = PBXGroup;
			children = (
				75CFF2A41F3028D600B558F1 /* YouTubeSearchUITests.swift */,
				75CFF2A61F3028D600B558F1 /* Info.plist */,
			);
			path = YouTubeSearchUITests;
			sourceTree = "<group>";
		};
/* End PBXGroup section */

/* Begin PBXNativeTarget section */
		75CFF2801F3028D600B558F1 /* YouTubeSearch */ = {
			isa = PBXNativeTarget;
			buildConfigurationList = 75CFF2A91F3028D600B558F1 /* Build configuration list for PBXNativeTarget "YouTubeSearch" */;
			buildPhases = (
				75CFF27D1F3028D600B558F1 /* Sources */,
				75CFF27E1F3028D600B558F1 /* Frameworks */,
				75CFF27F1F3028D600B558F1 /* Resources */,
			);
			buildRules = (
			);
			dependencies = (
			);
			name = YouTubeSearch;
			productName = YouTubeSearch;
			productReference = 75CFF2811F3028D600B558F1 /* YouTubeSearch.app */;
			productType = "com.apple.product-type.application";
		};
		75CFF2941F3028D600B558F1 /* YouTubeSearchTests */ = {
			isa = PBXNativeTarget;
			buildConfigurationList = 75CFF2AC1F3028D600B558F1 /* Build configuration list for PBXNativeTarget "YouTubeSearchTests" */;
			buildPhases = (
				75CFF2911F3028D600B558F1 /* Sources */,
				75CFF2921F3028D600B558F1 /* Frameworks */,
				75CFF2931F3028D600B558F1 /* Resources */,
			);
			buildRules = (
			);
			dependencies = (
				75CFF2971F3028D600B558F1 /* PBXTargetDependency */,
			);
			name = YouTubeSearchTests;
			productName = YouTubeSearchTests;
			productReference = 75CFF2951F3028D600B558F1 /* YouTubeSearchTests.xctest */;
			productType = "com.apple.product-type.bundle.unit-test";
		};
		75CFF29F1F3028D600B558F1 /* YouTubeSearchUITests */ = {
			isa = PBXNativeTarget;
			buildConfigurationList = 75CFF2AF1F3028D600B558F1 /* Build configuration list for PBXNativeTarget "YouTubeSearchUITests" */;
			buildPhases = (
				75CFF29C1F3028D600B558F1 /* Sources */,
				75CFF29D1F3028D600B558F1 /* Frameworks */,
				75CFF29E1F3028D600B558F1 /* Resources */,
			);
			buildRules = (
			);
			dependencies = (
				75CFF2A21F3028D600B558F1 /* PBXTargetDependency */,
			);
			name = YouTubeSearchUITests;
			productName = YouTubeSearchUITests;
			productReference = 75CFF2A01F3028D600B558F1 /* YouTubeSearchUITests.xctest */;
			productType = "com.apple.product-type.bundle.ui-testing";
		};
/* End PBXNativeTarget section */

/* Begin PBXProject section */
		75CFF2791F3028D600B558F1 /* Project object */ = {
			isa = PBXProject;
			attributes = {
				LastSwiftUpdateCheck = 0720;
				LastUpgradeCheck = 0720;
				ORGANIZATIONNAME = GoPlay;
				TargetAttributes = {
					75CFF2801F3028D600B558F1 = {
						CreatedOnToolsVersion = 7.2;
					};
					75CFF2941F3028D600B558F1 = {
						CreatedOnToolsVersion = 7.2;
						TestTargetID = 75CFF2801F3028D600B558F1;
					};
					75CFF29F1F3028D600B558F1 = {
						CreatedOnToolsVersion = 7.2;
						TestTargetID = 75CFF2801F3028D600B558F1;
					};
				};
			};
			buildConfigurationList = 75CFF27C1F3028D600B558F1 /* Build configuration list for PBXProject "YouTubeSearch" */;
			compatibilityVersion = "Xcode 3.2";
			developmentRegion = English;
			hasScannedForEncodings = 0;
			knownRegions = (
				en,
				Base,
			);
			mainGroup = 75CFF2781F3028D600B558F1;
			productRefGroup = 75CFF2821F3028D600B558F1 /* Products */;
			projectDirPath = "";
			projectRoot = "";
			targets = (
				75CFF2801F3028D600B558F1 /* YouTubeSearch */,
				75CFF2941F3028D600B558F1 /* YouTubeSearchTests */,
				75CFF29F1F3028D600B558F1 /* YouTubeSearchUITests */,
			);
		};
/* End PBXProject section */

/* Begin PBXResourcesBuildPhase section */
		75CFF27F1F3028D600B558F1 /* Resources */ = {
			isa = PBXResourcesBuildPhase;
			buildActionMask = 2147483647;
			files = (
				75CFF28F1F3028D600B558F1 /* LaunchScreen.storyboard in Resources */,
				75CFF28C1F3028D600B558F1 /* Assets.xcassets in Resources */,
				75CFF28A1F3028D600B558F1 /* Main.storyboard in Resources */,
			);
			runOnlyForDeploymentPostprocessing = 0;
		};
		75CFF2931F3028D600B558F1 /* Resources */ = {
			isa = PBXResourcesBuildPhase;
			buildActionMask = 2147483647;
			files = (
			);
			runOnlyForDeploymentPostprocessing = 0;
		};
		75CFF29E1F3028D600B558F1 /* Resources */ = {
			isa = PBXResourcesBuildPhase;
			buildActionMask = 2147483647;
			files = (
			);
			runOnlyForDeploymentPostprocessing = 0;
		};
/* End PBXResourcesBuildPhase section */

/* Begin PBXSourcesBuildPhase section */
		75CFF27D1F3028D600B558F1 /* Sources */ = {
			isa = PBXSourcesBuildPhase;
			buildActionMask = 2147483647;
			files = (
				75CFF2871F3028D600B558F1 /* ViewController.swift in Sources */,
				75CFF2851F3028D600B558F1 /* AppDelegate.swift in Sources */,
			);
			runOnlyForDeploymentPostprocessing = 0;
		};
		75CFF2911F3028D600B558F1 /* Sources */ = {
			isa = PBXSourcesBuildPhase;
			buildActionMask = 2147483647;
			files = (
				75CFF29A1F3028D600B558F1 /* YouTubeSearchTests.swift in Sources */,
			);
			runOnlyForDeploymentPostprocessing = 0;
		};
		75CFF29C1F3028D600B558F1 /* Sources */ = {
			isa = PBXSourcesBuildPhase;
			buildActionMask = 2147483647;
			files = (
				75CFF2A51F3028D600B558F1 /* YouTubeSearchUITests.swift in Sources */,
			);
			runOnlyForDeploymentPostprocessing = 0;
		};
/* End PBXSourcesBuildPhase section */

/* Begin PBXTargetDependency section */
		75CFF2971F3028D600B558F1 /* PBXTargetDependency */ = {
			isa = PBXTargetDependency;
			target = 75CFF2801F3028D600B558F1 /* YouTubeSearch */;
			targetProxy = 75CFF2961F3028D600B558F1 /* PBXContainerItemProxy */;
		};
		75CFF2A21F3028D600B558F1 /* PBXTargetDependency */ = {
			isa = PBXTargetDependency;
			target = 75CFF2801F3028D600B558F1 /* YouTubeSearch */;
			targetProxy = 75CFF2A11F3028D600B558F1 /* PBXContainerItemProxy */;
		};
/* End PBXTargetDependency section */

/* Begin PBXVariantGroup section */
		75CFF2881F3028D600B558F1 /* Main.storyboard */ = {
			isa = PBXVariantGroup;
			children = (
				75CFF2891F3028D600B558F1 /* Base */,
			);
			name = Main.storyboard;
			sourceTree = "<group>";
		};
		75CFF28D1F3028D600B558F1 /* LaunchScreen.storyboard */ = {
			isa = PBXVariantGroup;
			children = (
				75CFF28E1F3028D600B558F1 /* Base */,
			);
			name = LaunchScreen.storyboard;
			sourceTree = "<group>";
		};
/* End PBXVariantGroup section */

/* Begin XCBuildConfiguration section */
		75CFF2A71F3028D600B558F1 /* Debug */ = {
			isa = XCBuildConfiguration;
			buildSettings = {
				ALWAYS_SEARCH_USER_PATHS = NO;
				CLANG_CXX_LANGUAGE_STANDARD = "gnu++0x";
				CLANG_CXX_LIBRARY = "libc++";
				CLANG_ENABLE_MODULES = YES;
				CLANG_ENABLE_OBJC_ARC = YES;
				CLANG_WARN_BOOL_CONVERSION = YES;
				CLANG_WARN_CONSTANT_CONVERSION = YES;
				CLANG_WARN_DIRECT_OBJC_ISA_USAGE = YES_ERROR;
				CLANG_WARN_EMPTY_BODY = YES;
				CLANG_WARN_ENUM_CONVERSION = YES;
				CLANG_WARN_INT_CONVERSION = YES;
				CLANG_WARN_OBJC_ROOT_CLASS = YES_ERROR;
				CLANG_WARN_UNREACHABLE_CODE = YES;
				CLANG_WARN__DUPLICATE_METHOD_MATCH = YES;
				"CODE_SIGN_IDENTITY[sdk=iphoneos*]" = "iPhone Developer";
				COPY_PHASE_STRIP = NO;
				DEBUG_INFORMATION_FORMAT = dwarf;
				ENABLE_STRICT_OBJC_MSGSEND = YES;
				ENABLE_TESTABILITY = YES;
				GCC_C_LANGUAGE_STANDARD = gnu99;
				GCC_DYNAMIC_NO_PIC = NO;
				GCC_NO_COMMON_BLOCKS = YES;
				GCC_OPTIMIZATION_LEVEL = 0;
				GCC_PREPROCESSOR_DEFINITIONS = (
					"DEBUG=1",
					"$(inherited)",
				);
				GCC_WARN_64_TO_32_BIT_CONVERSION = YES;
				GCC_WARN_ABOUT_RETURN_TYPE = YES_ERROR;
				GCC_WARN_UNDECLARED_SELECTOR = YES;
				GCC_WARN_UNINITIALIZED_AUTOS = YES_AGGRESSIVE;
				GCC_WARN_UNUSED_FUNCTION = YES;
				GCC_WARN_UNUSED_VARIABLE = YES;
				IPHONEOS_DEPLOYMENT_TARGET = 9.2;
				MTL_ENABLE_DEBUG_INFO = YES;
				ONLY_ACTIVE_ARCH = YES;
				SDKROOT = iphoneos;
				SWIFT_OPTIMIZATION_LEVEL = "-Onone";
				TARGETED_DEVICE_FAMILY = "1,2";
			};
			name = Debug;
		};
		75CFF2A81F3028D600B558F1 /* Release */ = {
			isa = XCBuildConfiguration;
			buildSettings = {
				ALWAYS_SEARCH_USER_PATHS = NO;
				CLANG_CXX_LANGUAGE_STANDARD = "gnu++0x";
				CLANG_CXX_LIBRARY = "libc++";
				CLANG_ENABLE_MODULES = YES;
				CLANG_ENABLE_OBJC_ARC = YES;
				CLANG_WARN_BOOL_CONVERSION = YES;
				CLANG_WARN_CONSTANT_CONVERSION = YES;
				CLANG_WARN_DIRECT_OBJC_ISA_USAGE = YES_ERROR;
				CLANG_WARN_EMPTY_BODY = YES;
				CLANG_WARN_ENUM_CONVERSION = YES;
				CLANG_WARN_INT_CONVERSION = YES;
				CLANG_WARN_OBJC_ROOT_CLASS = YES_ERROR;
				CLANG_WARN_UNREACHABLE_CODE = YES;
				CLANG_WARN__DUPLICATE_METHOD_MATCH = YES;
				"CODE_SIGN_IDENTITY[sdk=iphoneos*]" = "iPhone Developer";
				COPY_PHASE_STRIP = NO;
				DEBUG_INFORMATION_FORMAT = "dwarf-with-dsym";
				ENABLE_NS_ASSERTIONS = NO;
				ENABLE_STRICT_OBJC_MSGSEND = YES;
				GCC_C_LANGUAGE_STANDARD = gnu99;
				GCC_NO_COMMON_BLOCKS = YES;
				GCC_WARN_64_TO_32_BIT_CONVERSION = YES;
				GCC_WARN_ABOUT_RETURN_TYPE = YES_ERROR;
				GCC_WARN_UNDECLARED_SELECTOR = YES;
				GCC_WARN_UNINITIALIZED_AUTOS = YES_AGGRESSIVE;
				GCC_WARN_UNUSED_FUNCTION = YES;
				GCC_WARN_UNUSED_VARIABLE = YES;
				IPHONEOS_DEPLOYMENT_TARGET = 9.2;
				MTL_ENABLE_DEBUG_INFO = NO;
				SDKROOT = iphoneos;
				TARGETED_DEVICE_FAMILY = "1,2";
				VALIDATE_PRODUCT = YES;
			};
			name = Release;
		};
		75CFF2AA1F3028D600B558F1 /* Debug */ = {
			isa = XCBuildConfiguration;
			buildSettings = {
				ASSETCATALOG_COMPILER_APPICON_NAME = AppIcon;
				INFOPLIST_FILE = YouTubeSearch/Info.plist;
				LD_RUNPATH_SEARCH_PATHS = "$(inherited) @executable_path/Frameworks";
				PRODUCT_BUNDLE_IDENTIFIER = GoPlay.YouTubeSearch;
				PRODUCT_NAME = "$(TARGET_NAME)";
			};
			name = Debug;
		};
		75CFF2AB1F3028D600B558F1 /* Release */ = {
			isa = XCBuildConfiguration;
			buildSettings = {
				ASSETCATALOG_COMPILER_APPICON_NAME = AppIcon;
				INFOPLIST_FILE = YouTubeSearch/Info.plist;
				LD_RUNPATH_SEARCH_PATHS = "$(inherited) @executable_path/Frameworks";
				PRODUCT_BUNDLE_IDENTIFIER = GoPlay.YouTubeSearch;
				PRODUCT_NAME = "$(TARGET_NAME)";
			};
			name = Release;
		};
		75CFF2AD1F3028D600B558F1 /* Debug */ = {
			isa = XCBuildConfiguration;
			buildSettings = {
				BUNDLE_LOADER = "$(TEST_HOST)";
				INFOPLIST_FILE = YouTubeSearchTests/Info.plist;
				LD_RUNPATH_SEARCH_PATHS = "$(inherited) @executable_path/Frameworks @loader_path/Frameworks";
				PRODUCT_BUNDLE_IDENTIFIER = GoPlay.YouTubeSearchTests;
				PRODUCT_NAME = "$(TARGET_NAME)";
				TEST_HOST = "$(BUILT_PRODUCTS_DIR)/YouTubeSearch.app/YouTubeSearch";
			};
			name = Debug;
		};
		75CFF2AE1F3028D600B558F1 /* Release */ = {
			isa = XCBuildConfiguration;
			buildSettings = {
				BUNDLE_LOADER = "$(TEST_HOST)";
				INFOPLIST_FILE = YouTubeSearchTests/Info.plist;
				LD_RUNPATH_SEARCH_PATHS = "$(inherited) @executable_path/Frameworks @loader_path/Frameworks";
				PRODUCT_BUNDLE_IDENTIFIER = GoPlay.YouTubeSearchTests;
				PRODUCT_NAME = "$(TARGET_NAME)";
				TEST_HOST = "$(BUILT_PRODUCTS_DIR)/YouTubeSearch.app/YouTubeSearch";
			};
			name = Release;
		};
		75CFF2B01F3028D600B558F1 /* Debug */ = {
			isa = XCBuildConfiguration;
			buildSettings = {
				INFOPLIST_FILE = YouTubeSearchUITests/Info.plist;
				LD_RUNPATH_SEARCH_PATHS = "$(inherited) @executable_path/Frameworks @loader_path/Frameworks";
				PRODUCT_BUNDLE_IDENTIFIER = GoPlay.YouTubeSearchUITests;
				PRODUCT_NAME = "$(TARGET_NAME)";
				TEST_TARGET_NAME = YouTubeSearch;
				USES_XCTRUNNER = YES;
			};
			name = Debug;
		};
		75CFF2B11F3028D600B558F1 /* Release */ = {
			isa = XCBuildConfiguration;
			buildSettings = {
				INFOPLIST_FILE = YouTubeSearchUITests/Info.plist;
				LD_RUNPATH_SEARCH_PATHS = "$(inherited) @executable_path/Frameworks @loader_path/Frameworks";
				PRODUCT_BUNDLE_IDENTIFIER = GoPlay.YouTubeSearchUITests;
				PRODUCT_NAME = "$(TARGET_NAME)";
				TEST_TARGET_NAME = YouTubeSearch;
				USES_XCTRUNNER = YES;
			};
			name = Release;
		};
/* End XCBuildConfiguration section */

/* Begin XCConfigurationList section */
		75CFF27C1F3028D600B558F1 /* Build configuration list for PBXProject "YouTubeSearch" */ = {
			isa = XCConfigurationList;
			buildConfigurations = (
				75CFF2A71F3028D600B558F1 /* Debug */,
				75CFF2A81F3028D600B558F1 /* Release */,
			);
			defaultConfigurationIsVisible = 0;
			defaultConfigurationName = Release;
		};
		75CFF2A91F3028D600B558F1 /* Build configuration list for PBXNativeTarget "YouTubeSearch" */ = {
			isa = XCConfigurationList;
			buildConfigurations = (
				75CFF2AA1F3028D600B558F1 /* Debug */,
				75CFF2AB1F3028D600B558F1 /* Release */,
			);
			defaultConfigurationIsVisible = 0;
		};
		75CFF2AC1F3028D600B558F1 /* Build configuration list for PBXNativeTarget "YouTubeSearchTests" */ = {
			isa = XCConfigurationList;
			buildConfigurations = (
				75CFF2AD1F3028D600B558F1 /* Debug */,
				75CFF2AE1F3028D600B558F1 /* Release */,
			);
			defaultConfigurationIsVisible = 0;
		};
		75CFF2AF1F3028D600B558F1 /* Build configuration list for PBXNativeTarget "YouTubeSearchUITests" */ = {
			isa = XCConfigurationList;
			buildConfigurations = (
				75CFF2B01F3028D600B558F1 /* Debug */,
				75CFF2B11F3028D600B558F1 /* Release */,
			);
			defaultConfigurationIsVisible = 0;
		};
/* End XCConfigurationList section */
	};
	rootObject = 75CFF2791F3028D600B558F1 /* Project object */;
}
